
Microsoft Visual Studio Solution File, Format Version 12.00
# Visual Studio Version 17
VisualStudioVersion = 17.8.34330.188
MinimumVisualStudioVersion = 10.0.40219.1
Project("{8BC9CEB8-8B4A-11D0-8D11-00A0C91BC942}") = "e-smart", "e-smart.vcxproj", "{8687E4DF-96CB-4A6F-AB6C-FD3DEFCA305C}"
EndProject
Project("{8BC9CEB8-8B4A-11D0-8D11-00A0C91BC942}") = "firebase-test", "..\test\firebase-test\firebase-test.vcxproj", "{019233F7-D56B-4432-9896-5FDC6DC9FC7B}"
EndProject
Project("{2150E333-8FDC-42A3-9474-1A3956D46DE8}") = "tests", "tests", "{E73EA3CC-7C26-42D2-8098-2C144C7835D6}"
EndProject
Project("{8BC9CEB8-8B4A-11D0-8D11-00A0C91BC942}") = "motor-test", "..\test\motor-test\motor-test.vcxproj", "{8E4661B9-285F-45AE-874C-1B9E2A7C30F0}"
EndProject
Project("{8BC9CEB8-8B4A-11D0-8D11-00A0C91BC942}") = "temperature-test", "..\test\temperature-test\temperature-test.vcxproj", "{45FE77CC-3BC7-413A-A1F4-C31BB760B083}"
EndProject
Project("{8BC9CEB8-8B4A-11D0-8D11-00A0C91BC942}") = "light-test", "..\test\light-test\light-test.vcxproj", "{D61D2FBF-A781-43C7-9622-C0D29F081873}"
EndProject
Project("{8BC9CEB8-8B4A-11D0-8D11-00A0C91BC942}") = "soil-test", "..\test\soil-test\soil-test.vcxproj", "{A910B836-EEF1-4CF7-A7FD-54216BC707C4}"
EndProject
Project("{8BC9CEB8-8B4A-11D0-8D11-00A0C91BC942}") = "demo", "..\test\demo\demo.vcxproj", "{4D2F18F3-E60F-4C76-9CE1-53F0B8B07130}"
EndProject
Project("{8BC9CEB8-8B4A-11D0-8D11-00A0C91BC942}") = "limit-test", "..\test\limit-test\limit-test.vcxproj", "{1AB91948-D25B-42F0-A1A5-5E66DC7CA498}"
EndProject
Project("{8BC9CEB8-8B4A-11D0-8D11-00A0C91BC942}") = "PS-RAM-test", "..\test\PS-RAM-test\PS-RAM-test.vcxproj", "{809E193D-7769-4F48-84A3-0061BEA57D40}"
EndProject
Global
	GlobalSection(SolutionConfigurationPlatforms) = preSolution
		Debug|ARM = Debug|ARM
		Debug|ARM64 = Debug|ARM64
		Debug|x64 = Debug|x64
		Debug|x86 = Debug|x86
		Release|ARM = Release|ARM
		Release|ARM64 = Release|ARM64
		Release|x64 = Release|x64
		Release|x86 = Release|x86
	EndGlobalSection
	GlobalSection(ProjectConfigurationPlatforms) = postSolution
		{8687E4DF-96CB-4A6F-AB6C-FD3DEFCA305C}.Debug|ARM.ActiveCfg = Debug|ARM
		{8687E4DF-96CB-4A6F-AB6C-FD3DEFCA305C}.Debug|ARM.Build.0 = Debug|ARM
		{8687E4DF-96CB-4A6F-AB6C-FD3DEFCA305C}.Debug|ARM.Deploy.0 = Debug|ARM
		{8687E4DF-96CB-4A6F-AB6C-FD3DEFCA305C}.Debug|ARM64.ActiveCfg = Debug|ARM64
		{8687E4DF-96CB-4A6F-AB6C-FD3DEFCA305C}.Debug|ARM64.Build.0 = Debug|ARM64
		{8687E4DF-96CB-4A6F-AB6C-FD3DEFCA305C}.Debug|ARM64.Deploy.0 = Debug|ARM64
		{8687E4DF-96CB-4A6F-AB6C-FD3DEFCA305C}.Debug|x64.ActiveCfg = Debug|ARM
		{8687E4DF-96CB-4A6F-AB6C-FD3DEFCA305C}.Debug|x64.Build.0 = Debug|ARM
		{8687E4DF-96CB-4A6F-AB6C-FD3DEFCA305C}.Debug|x64.Deploy.0 = Debug|ARM
		{8687E4DF-96CB-4A6F-AB6C-FD3DEFCA305C}.Debug|x86.ActiveCfg = Debug|ARM
		{8687E4DF-96CB-4A6F-AB6C-FD3DEFCA305C}.Debug|x86.Build.0 = Debug|ARM
		{8687E4DF-96CB-4A6F-AB6C-FD3DEFCA305C}.Debug|x86.Deploy.0 = Debug|ARM
		{8687E4DF-96CB-4A6F-AB6C-FD3DEFCA305C}.Release|ARM.ActiveCfg = Release|ARM
		{8687E4DF-96CB-4A6F-AB6C-FD3DEFCA305C}.Release|ARM.Build.0 = Release|ARM
		{8687E4DF-96CB-4A6F-AB6C-FD3DEFCA305C}.Release|ARM.Deploy.0 = Release|ARM
		{8687E4DF-96CB-4A6F-AB6C-FD3DEFCA305C}.Release|ARM64.ActiveCfg = Release|ARM64
		{8687E4DF-96CB-4A6F-AB6C-FD3DEFCA305C}.Release|ARM64.Build.0 = Release|ARM64
		{8687E4DF-96CB-4A6F-AB6C-FD3DEFCA305C}.Release|ARM64.Deploy.0 = Release|ARM64
		{8687E4DF-96CB-4A6F-AB6C-FD3DEFCA305C}.Release|x64.ActiveCfg = Release|ARM
		{8687E4DF-96CB-4A6F-AB6C-FD3DEFCA305C}.Release|x64.Build.0 = Release|ARM
		{8687E4DF-96CB-4A6F-AB6C-FD3DEFCA305C}.Release|x64.Deploy.0 = Release|ARM
		{8687E4DF-96CB-4A6F-AB6C-FD3DEFCA305C}.Release|x86.ActiveCfg = Release|ARM
		{8687E4DF-96CB-4A6F-AB6C-FD3DEFCA305C}.Release|x86.Build.0 = Release|ARM
		{8687E4DF-96CB-4A6F-AB6C-FD3DEFCA305C}.Release|x86.Deploy.0 = Release|ARM
		{019233F7-D56B-4432-9896-5FDC6DC9FC7B}.Debug|ARM.ActiveCfg = Debug|ARM
		{019233F7-D56B-4432-9896-5FDC6DC9FC7B}.Debug|ARM.Build.0 = Debug|ARM
		{019233F7-D56B-4432-9896-5FDC6DC9FC7B}.Debug|ARM.Deploy.0 = Debug|ARM
		{019233F7-D56B-4432-9896-5FDC6DC9FC7B}.Debug|ARM64.ActiveCfg = Debug|ARM64
		{019233F7-D56B-4432-9896-5FDC6DC9FC7B}.Debug|ARM64.Build.0 = Debug|ARM64
		{019233F7-D56B-4432-9896-5FDC6DC9FC7B}.Debug|ARM64.Deploy.0 = Debug|ARM64
		{019233F7-D56B-4432-9896-5FDC6DC9FC7B}.Debug|x64.ActiveCfg = Debug|x64
		{019233F7-D56B-4432-9896-5FDC6DC9FC7B}.Debug|x64.Build.0 = Debug|x64
		{019233F7-D56B-4432-9896-5FDC6DC9FC7B}.Debug|x64.Deploy.0 = Debug|x64
		{019233F7-D56B-4432-9896-5FDC6DC9FC7B}.Debug|x86.ActiveCfg = Debug|x86
		{019233F7-D56B-4432-9896-5FDC6DC9FC7B}.Debug|x86.Build.0 = Debug|x86
		{019233F7-D56B-4432-9896-5FDC6DC9FC7B}.Debug|x86.Deploy.0 = Debug|x86
		{019233F7-D56B-4432-9896-5FDC6DC9FC7B}.Release|ARM.ActiveCfg = Release|ARM
		{019233F7-D56B-4432-9896-5FDC6DC9FC7B}.Release|ARM.Build.0 = Release|ARM
		{019233F7-D56B-4432-9896-5FDC6DC9FC7B}.Release|ARM.Deploy.0 = Release|ARM
		{019233F7-D56B-4432-9896-5FDC6DC9FC7B}.Release|ARM64.ActiveCfg = Release|ARM64
		{019233F7-D56B-4432-9896-5FDC6DC9FC7B}.Release|ARM64.Build.0 = Release|ARM64
		{019233F7-D56B-4432-9896-5FDC6DC9FC7B}.Release|ARM64.Deploy.0 = Release|ARM64
		{019233F7-D56B-4432-9896-5FDC6DC9FC7B}.Release|x64.ActiveCfg = Release|x64
		{019233F7-D56B-4432-9896-5FDC6DC9FC7B}.Release|x64.Build.0 = Release|x64
		{019233F7-D56B-4432-9896-5FDC6DC9FC7B}.Release|x64.Deploy.0 = Release|x64
		{019233F7-D56B-4432-9896-5FDC6DC9FC7B}.Release|x86.ActiveCfg = Release|x86
		{019233F7-D56B-4432-9896-5FDC6DC9FC7B}.Release|x86.Build.0 = Release|x86
		{019233F7-D56B-4432-9896-5FDC6DC9FC7B}.Release|x86.Deploy.0 = Release|x86
		{8E4661B9-285F-45AE-874C-1B9E2A7C30F0}.Debug|ARM.ActiveCfg = Debug|ARM
		{8E4661B9-285F-45AE-874C-1B9E2A7C30F0}.Debug|ARM.Build.0 = Debug|ARM
		{8E4661B9-285F-45AE-874C-1B9E2A7C30F0}.Debug|ARM.Deploy.0 = Debug|ARM
		{8E4661B9-285F-45AE-874C-1B9E2A7C30F0}.Debug|ARM64.ActiveCfg = Debug|ARM64
		{8E4661B9-285F-45AE-874C-1B9E2A7C30F0}.Debug|ARM64.Build.0 = Debug|ARM64
		{8E4661B9-285F-45AE-874C-1B9E2A7C30F0}.Debug|ARM64.Deploy.0 = Debug|ARM64
		{8E4661B9-285F-45AE-874C-1B9E2A7C30F0}.Debug|x64.ActiveCfg = Debug|x64
		{8E4661B9-285F-45AE-874C-1B9E2A7C30F0}.Debug|x64.Build.0 = Debug|x64
		{8E4661B9-285F-45AE-874C-1B9E2A7C30F0}.Debug|x64.Deploy.0 = Debug|x64
		{8E4661B9-285F-45AE-874C-1B9E2A7C30F0}.Debug|x86.ActiveCfg = Debug|x86
		{8E4661B9-285F-45AE-874C-1B9E2A7C30F0}.Debug|x86.Build.0 = Debug|x86
		{8E4661B9-285F-45AE-874C-1B9E2A7C30F0}.Debug|x86.Deploy.0 = Debug|x86
		{8E4661B9-285F-45AE-874C-1B9E2A7C30F0}.Release|ARM.ActiveCfg = Release|ARM
		{8E4661B9-285F-45AE-874C-1B9E2A7C30F0}.Release|ARM.Build.0 = Release|ARM
		{8E4661B9-285F-45AE-874C-1B9E2A7C30F0}.Release|ARM.Deploy.0 = Release|ARM
		{8E4661B9-285F-45AE-874C-1B9E2A7C30F0}.Release|ARM64.ActiveCfg = Release|ARM64
		{8E4661B9-285F-45AE-874C-1B9E2A7C30F0}.Release|ARM64.Build.0 = Release|ARM64
		{8E4661B9-285F-45AE-874C-1B9E2A7C30F0}.Release|ARM64.Deploy.0 = Release|ARM64
		{8E4661B9-285F-45AE-874C-1B9E2A7C30F0}.Release|x64.ActiveCfg = Release|x64
		{8E4661B9-285F-45AE-874C-1B9E2A7C30F0}.Release|x64.Build.0 = Release|x64
		{8E4661B9-285F-45AE-874C-1B9E2A7C30F0}.Release|x64.Deploy.0 = Release|x64
		{8E4661B9-285F-45AE-874C-1B9E2A7C30F0}.Release|x86.ActiveCfg = Release|x86
		{8E4661B9-285F-45AE-874C-1B9E2A7C30F0}.Release|x86.Build.0 = Release|x86
		{8E4661B9-285F-45AE-874C-1B9E2A7C30F0}.Release|x86.Deploy.0 = Release|x86
		{45FE77CC-3BC7-413A-A1F4-C31BB760B083}.Debug|ARM.ActiveCfg = Debug|ARM
		{45FE77CC-3BC7-413A-A1F4-C31BB760B083}.Debug|ARM.Build.0 = Debug|ARM
		{45FE77CC-3BC7-413A-A1F4-C31BB760B083}.Debug|ARM.Deploy.0 = Debug|ARM
		{45FE77CC-3BC7-413A-A1F4-C31BB760B083}.Debug|ARM64.ActiveCfg = Debug|ARM64
		{45FE77CC-3BC7-413A-A1F4-C31BB760B083}.Debug|ARM64.Build.0 = Debug|ARM64
		{45FE77CC-3BC7-413A-A1F4-C31BB760B083}.Debug|ARM64.Deploy.0 = Debug|ARM64
		{45FE77CC-3BC7-413A-A1F4-C31BB760B083}.Debug|x64.ActiveCfg = Debug|x64
		{45FE77CC-3BC7-413A-A1F4-C31BB760B083}.Debug|x64.Build.0 = Debug|x64
		{45FE77CC-3BC7-413A-A1F4-C31BB760B083}.Debug|x64.Deploy.0 = Debug|x64
		{45FE77CC-3BC7-413A-A1F4-C31BB760B083}.Debug|x86.ActiveCfg = Debug|x86
		{45FE77CC-3BC7-413A-A1F4-C31BB760B083}.Debug|x86.Build.0 = Debug|x86
		{45FE77CC-3BC7-413A-A1F4-C31BB760B083}.Debug|x86.Deploy.0 = Debug|x86
		{45FE77CC-3BC7-413A-A1F4-C31BB760B083}.Release|ARM.ActiveCfg = Release|ARM
		{45FE77CC-3BC7-413A-A1F4-C31BB760B083}.Release|ARM.Build.0 = Release|ARM
		{45FE77CC-3BC7-413A-A1F4-C31BB760B083}.Release|ARM.Deploy.0 = Release|ARM
		{45FE77CC-3BC7-413A-A1F4-C31BB760B083}.Release|ARM64.ActiveCfg = Release|ARM64
		{45FE77CC-3BC7-413A-A1F4-C31BB760B083}.Release|ARM64.Build.0 = Release|ARM64
		{45FE77CC-3BC7-413A-A1F4-C31BB760B083}.Release|ARM64.Deploy.0 = Release|ARM64
		{45FE77CC-3BC7-413A-A1F4-C31BB760B083}.Release|x64.ActiveCfg = Release|x64
		{45FE77CC-3BC7-413A-A1F4-C31BB760B083}.Release|x64.Build.0 = Release|x64
		{45FE77CC-3BC7-413A-A1F4-C31BB760B083}.Release|x64.Deploy.0 = Release|x64
		{45FE77CC-3BC7-413A-A1F4-C31BB760B083}.Release|x86.ActiveCfg = Release|x86
		{45FE77CC-3BC7-413A-A1F4-C31BB760B083}.Release|x86.Build.0 = Release|x86
		{45FE77CC-3BC7-413A-A1F4-C31BB760B083}.Release|x86.Deploy.0 = Release|x86
		{D61D2FBF-A781-43C7-9622-C0D29F081873}.Debug|ARM.ActiveCfg = Debug|ARM
		{D61D2FBF-A781-43C7-9622-C0D29F081873}.Debug|ARM.Build.0 = Debug|ARM
		{D61D2FBF-A781-43C7-9622-C0D29F081873}.Debug|ARM.Deploy.0 = Debug|ARM
		{D61D2FBF-A781-43C7-9622-C0D29F081873}.Debug|ARM64.ActiveCfg = Debug|ARM64
		{D61D2FBF-A781-43C7-9622-C0D29F081873}.Debug|ARM64.Build.0 = Debug|ARM64
		{D61D2FBF-A781-43C7-9622-C0D29F081873}.Debug|ARM64.Deploy.0 = Debug|ARM64
		{D61D2FBF-A781-43C7-9622-C0D29F081873}.Debug|x64.ActiveCfg = Debug|x64
		{D61D2FBF-A781-43C7-9622-C0D29F081873}.Debug|x64.Build.0 = Debug|x64
		{D61D2FBF-A781-43C7-9622-C0D29F081873}.Debug|x64.Deploy.0 = Debug|x64
		{D61D2FBF-A781-43C7-9622-C0D29F081873}.Debug|x86.ActiveCfg = Debug|x86
		{D61D2FBF-A781-43C7-9622-C0D29F081873}.Debug|x86.Build.0 = Debug|x86
		{D61D2FBF-A781-43C7-9622-C0D29F081873}.Debug|x86.Deploy.0 = Debug|x86
		{D61D2FBF-A781-43C7-9622-C0D29F081873}.Release|ARM.ActiveCfg = Release|ARM
		{D61D2FBF-A781-43C7-9622-C0D29F081873}.Release|ARM.Build.0 = Release|ARM
		{D61D2FBF-A781-43C7-9622-C0D29F081873}.Release|ARM.Deploy.0 = Release|ARM
		{D61D2FBF-A781-43C7-9622-C0D29F081873}.Release|ARM64.ActiveCfg = Release|ARM64
		{D61D2FBF-A781-43C7-9622-C0D29F081873}.Release|ARM64.Build.0 = Release|ARM64
		{D61D2FBF-A781-43C7-9622-C0D29F081873}.Release|ARM64.Deploy.0 = Release|ARM64
		{D61D2FBF-A781-43C7-9622-C0D29F081873}.Release|x64.ActiveCfg = Release|x64
		{D61D2FBF-A781-43C7-9622-C0D29F081873}.Release|x64.Build.0 = Release|x64
		{D61D2FBF-A781-43C7-9622-C0D29F081873}.Release|x64.Deploy.0 = Release|x64
		{D61D2FBF-A781-43C7-9622-C0D29F081873}.Release|x86.ActiveCfg = Release|x86
		{D61D2FBF-A781-43C7-9622-C0D29F081873}.Release|x86.Build.0 = Release|x86
		{D61D2FBF-A781-43C7-9622-C0D29F081873}.Release|x86.Deploy.0 = Release|x86
		{A910B836-EEF1-4CF7-A7FD-54216BC707C4}.Debug|ARM.ActiveCfg = Debug|ARM
		{A910B836-EEF1-4CF7-A7FD-54216BC707C4}.Debug|ARM.Build.0 = Debug|ARM
		{A910B836-EEF1-4CF7-A7FD-54216BC707C4}.Debug|ARM.Deploy.0 = Debug|ARM
		{A910B836-EEF1-4CF7-A7FD-54216BC707C4}.Debug|ARM64.ActiveCfg = Debug|ARM64
		{A910B836-EEF1-4CF7-A7FD-54216BC707C4}.Debug|ARM64.Build.0 = Debug|ARM64
		{A910B836-EEF1-4CF7-A7FD-54216BC707C4}.Debug|ARM64.Deploy.0 = Debug|ARM64
		{A910B836-EEF1-4CF7-A7FD-54216BC707C4}.Debug|x64.ActiveCfg = Debug|x64
		{A910B836-EEF1-4CF7-A7FD-54216BC707C4}.Debug|x64.Build.0 = Debug|x64
		{A910B836-EEF1-4CF7-A7FD-54216BC707C4}.Debug|x64.Deploy.0 = Debug|x64
		{A910B836-EEF1-4CF7-A7FD-54216BC707C4}.Debug|x86.ActiveCfg = Debug|x86
		{A910B836-EEF1-4CF7-A7FD-54216BC707C4}.Debug|x86.Build.0 = Debug|x86
		{A910B836-EEF1-4CF7-A7FD-54216BC707C4}.Debug|x86.Deploy.0 = Debug|x86
		{A910B836-EEF1-4CF7-A7FD-54216BC707C4}.Release|ARM.ActiveCfg = Release|ARM
		{A910B836-EEF1-4CF7-A7FD-54216BC707C4}.Release|ARM.Build.0 = Release|ARM
		{A910B836-EEF1-4CF7-A7FD-54216BC707C4}.Release|ARM.Deploy.0 = Release|ARM
		{A910B836-EEF1-4CF7-A7FD-54216BC707C4}.Release|ARM64.ActiveCfg = Release|ARM64
		{A910B836-EEF1-4CF7-A7FD-54216BC707C4}.Release|ARM64.Build.0 = Release|ARM64
		{A910B836-EEF1-4CF7-A7FD-54216BC707C4}.Release|ARM64.Deploy.0 = Release|ARM64
		{A910B836-EEF1-4CF7-A7FD-54216BC707C4}.Release|x64.ActiveCfg = Release|x64
		{A910B836-EEF1-4CF7-A7FD-54216BC707C4}.Release|x64.Build.0 = Release|x64
		{A910B836-EEF1-4CF7-A7FD-54216BC707C4}.Release|x64.Deploy.0 = Release|x64
		{A910B836-EEF1-4CF7-A7FD-54216BC707C4}.Release|x86.ActiveCfg = Release|x86
		{A910B836-EEF1-4CF7-A7FD-54216BC707C4}.Release|x86.Build.0 = Release|x86
		{A910B836-EEF1-4CF7-A7FD-54216BC707C4}.Release|x86.Deploy.0 = Release|x86
		{4D2F18F3-E60F-4C76-9CE1-53F0B8B07130}.Debug|ARM.ActiveCfg = Debug|ARM
		{4D2F18F3-E60F-4C76-9CE1-53F0B8B07130}.Debug|ARM.Build.0 = Debug|ARM
		{4D2F18F3-E60F-4C76-9CE1-53F0B8B07130}.Debug|ARM.Deploy.0 = Debug|ARM
		{4D2F18F3-E60F-4C76-9CE1-53F0B8B07130}.Debug|ARM64.ActiveCfg = Debug|ARM64
		{4D2F18F3-E60F-4C76-9CE1-53F0B8B07130}.Debug|ARM64.Build.0 = Debug|ARM64
		{4D2F18F3-E60F-4C76-9CE1-53F0B8B07130}.Debug|ARM64.Deploy.0 = Debug|ARM64
		{4D2F18F3-E60F-4C76-9CE1-53F0B8B07130}.Debug|x64.ActiveCfg = Debug|x64
		{4D2F18F3-E60F-4C76-9CE1-53F0B8B07130}.Debug|x64.Build.0 = Debug|x64
		{4D2F18F3-E60F-4C76-9CE1-53F0B8B07130}.Debug|x64.Deploy.0 = Debug|x64
		{4D2F18F3-E60F-4C76-9CE1-53F0B8B07130}.Debug|x86.ActiveCfg = Debug|x86
		{4D2F18F3-E60F-4C76-9CE1-53F0B8B07130}.Debug|x86.Build.0 = Debug|x86
		{4D2F18F3-E60F-4C76-9CE1-53F0B8B07130}.Debug|x86.Deploy.0 = Debug|x86
		{4D2F18F3-E60F-4C76-9CE1-53F0B8B07130}.Release|ARM.ActiveCfg = Release|ARM
		{4D2F18F3-E60F-4C76-9CE1-53F0B8B07130}.Release|ARM.Build.0 = Release|ARM
		{4D2F18F3-E60F-4C76-9CE1-53F0B8B07130}.Release|ARM.Deploy.0 = Release|ARM
		{4D2F18F3-E60F-4C76-9CE1-53F0B8B07130}.Release|ARM64.ActiveCfg = Release|ARM64
		{4D2F18F3-E60F-4C76-9CE1-53F0B8B07130}.Release|ARM64.Build.0 = Release|ARM64
		{4D2F18F3-E60F-4C76-9CE1-53F0B8B07130}.Release|ARM64.Deploy.0 = Release|ARM64
		{4D2F18F3-E60F-4C76-9CE1-53F0B8B07130}.Release|x64.ActiveCfg = Release|x64
		{4D2F18F3-E60F-4C76-9CE1-53F0B8B07130}.Release|x64.Build.0 = Release|x64
		{4D2F18F3-E60F-4C76-9CE1-53F0B8B07130}.Release|x64.Deploy.0 = Release|x64
		{4D2F18F3-E60F-4C76-9CE1-53F0B8B07130}.Release|x86.ActiveCfg = Release|x86
		{4D2F18F3-E60F-4C76-9CE1-53F0B8B07130}.Release|x86.Build.0 = Release|x86
		{4D2F18F3-E60F-4C76-9CE1-53F0B8B07130}.Release|x86.Deploy.0 = Release|x86
		{1AB91948-D25B-42F0-A1A5-5E66DC7CA498}.Debug|ARM.ActiveCfg = Debug|ARM
		{1AB91948-D25B-42F0-A1A5-5E66DC7CA498}.Debug|ARM.Build.0 = Debug|ARM
		{1AB91948-D25B-42F0-A1A5-5E66DC7CA498}.Debug|ARM.Deploy.0 = Debug|ARM
		{1AB91948-D25B-42F0-A1A5-5E66DC7CA498}.Debug|ARM64.ActiveCfg = Debug|ARM64
		{1AB91948-D25B-42F0-A1A5-5E66DC7CA498}.Debug|ARM64.Build.0 = Debug|ARM64
		{1AB91948-D25B-42F0-A1A5-5E66DC7CA498}.Debug|ARM64.Deploy.0 = Debug|ARM64
		{1AB91948-D25B-42F0-A1A5-5E66DC7CA498}.Debug|x64.ActiveCfg = Debug|x64
		{1AB91948-D25B-42F0-A1A5-5E66DC7CA498}.Debug|x64.Build.0 = Debug|x64
		{1AB91948-D25B-42F0-A1A5-5E66DC7CA498}.Debug|x64.Deploy.0 = Debug|x64
		{1AB91948-D25B-42F0-A1A5-5E66DC7CA498}.Debug|x86.ActiveCfg = Debug|x86
		{1AB91948-D25B-42F0-A1A5-5E66DC7CA498}.Debug|x86.Build.0 = Debug|x86
		{1AB91948-D25B-42F0-A1A5-5E66DC7CA498}.Debug|x86.Deploy.0 = Debug|x86
		{1AB91948-D25B-42F0-A1A5-5E66DC7CA498}.Release|ARM.ActiveCfg = Release|ARM
		{1AB91948-D25B-42F0-A1A5-5E66DC7CA498}.Release|ARM.Build.0 = Release|ARM
		{1AB91948-D25B-42F0-A1A5-5E66DC7CA498}.Release|ARM.Deploy.0 = Release|ARM
		{1AB91948-D25B-42F0-A1A5-5E66DC7CA498}.Release|ARM64.ActiveCfg = Release|ARM64
		{1AB91948-D25B-42F0-A1A5-5E66DC7CA498}.Release|ARM64.Build.0 = Release|ARM64
		{1AB91948-D25B-42F0-A1A5-5E66DC7CA498}.Release|ARM64.Deploy.0 = Release|ARM64
		{1AB91948-D25B-42F0-A1A5-5E66DC7CA498}.Release|x64.ActiveCfg = Release|x64
		{1AB91948-D25B-42F0-A1A5-5E66DC7CA498}.Release|x64.Build.0 = Release|x64
		{1AB91948-D25B-42F0-A1A5-5E66DC7CA498}.Release|x64.Deploy.0 = Release|x64
		{1AB91948-D25B-42F0-A1A5-5E66DC7CA498}.Release|x86.ActiveCfg = Release|x86
		{1AB91948-D25B-42F0-A1A5-5E66DC7CA498}.Release|x86.Build.0 = Release|x86
		{1AB91948-D25B-42F0-A1A5-5E66DC7CA498}.Release|x86.Deploy.0 = Release|x86
		{809E193D-7769-4F48-84A3-0061BEA57D40}.Debug|ARM.ActiveCfg = Debug|ARM
		{809E193D-7769-4F48-84A3-0061BEA57D40}.Debug|ARM.Build.0 = Debug|ARM
		{809E193D-7769-4F48-84A3-0061BEA57D40}.Debug|ARM.Deploy.0 = Debug|ARM
		{809E193D-7769-4F48-84A3-0061BEA57D40}.Debug|ARM64.ActiveCfg = Debug|ARM64
		{809E193D-7769-4F48-84A3-0061BEA57D40}.Debug|ARM64.Build.0 = Debug|ARM64
		{809E193D-7769-4F48-84A3-0061BEA57D40}.Debug|ARM64.Deploy.0 = Debug|ARM64
		{809E193D-7769-4F48-84A3-0061BEA57D40}.Debug|x64.ActiveCfg = Debug|x64
		{809E193D-7769-4F48-84A3-0061BEA57D40}.Debug|x64.Build.0 = Debug|x64
		{809E193D-7769-4F48-84A3-0061BEA57D40}.Debug|x64.Deploy.0 = Debug|x64
		{809E193D-7769-4F48-84A3-0061BEA57D40}.Debug|x86.ActiveCfg = Debug|x86
		{809E193D-7769-4F48-84A3-0061BEA57D40}.Debug|x86.Build.0 = Debug|x86
		{809E193D-7769-4F48-84A3-0061BEA57D40}.Debug|x86.Deploy.0 = Debug|x86
		{809E193D-7769-4F48-84A3-0061BEA57D40}.Release|ARM.ActiveCfg = Release|ARM
		{809E193D-7769-4F48-84A3-0061BEA57D40}.Release|ARM.Build.0 = Release|ARM
		{809E193D-7769-4F48-84A3-0061BEA57D40}.Release|ARM.Deploy.0 = Release|ARM
		{809E193D-7769-4F48-84A3-0061BEA57D40}.Release|ARM64.ActiveCfg = Release|ARM64
		{809E193D-7769-4F48-84A3-0061BEA57D40}.Release|ARM64.Build.0 = Release|ARM64
		{809E193D-7769-4F48-84A3-0061BEA57D40}.Release|ARM64.Deploy.0 = Release|ARM64
		{809E193D-7769-4F48-84A3-0061BEA57D40}.Release|x64.ActiveCfg = Release|x64
		{809E193D-7769-4F48-84A3-0061BEA57D40}.Release|x64.Build.0 = Release|x64
		{809E193D-7769-4F48-84A3-0061BEA57D40}.Release|x64.Deploy.0 = Release|x64
		{809E193D-7769-4F48-84A3-0061BEA57D40}.Release|x86.ActiveCfg = Release|x86
		{809E193D-7769-4F48-84A3-0061BEA57D40}.Release|x86.Build.0 = Release|x86
		{809E193D-7769-4F48-84A3-0061BEA57D40}.Release|x86.Deploy.0 = Release|x86
	EndGlobalSection
	GlobalSection(SolutionProperties) = preSolution
		HideSolutionNode = FALSE
	EndGlobalSection
	GlobalSection(NestedProjects) = preSolution
		{019233F7-D56B-4432-9896-5FDC6DC9FC7B} = {E73EA3CC-7C26-42D2-8098-2C144C7835D6}
		{8E4661B9-285F-45AE-874C-1B9E2A7C30F0} = {E73EA3CC-7C26-42D2-8098-2C144C7835D6}
		{45FE77CC-3BC7-413A-A1F4-C31BB760B083} = {E73EA3CC-7C26-42D2-8098-2C144C7835D6}
		{D61D2FBF-A781-43C7-9622-C0D29F081873} = {E73EA3CC-7C26-42D2-8098-2C144C7835D6}
		{A910B836-EEF1-4CF7-A7FD-54216BC707C4} = {E73EA3CC-7C26-42D2-8098-2C144C7835D6}
		{4D2F18F3-E60F-4C76-9CE1-53F0B8B07130} = {E73EA3CC-7C26-42D2-8098-2C144C7835D6}
		{1AB91948-D25B-42F0-A1A5-5E66DC7CA498} = {E73EA3CC-7C26-42D2-8098-2C144C7835D6}
		{809E193D-7769-4F48-84A3-0061BEA57D40} = {E73EA3CC-7C26-42D2-8098-2C144C7835D6}
	EndGlobalSection
	GlobalSection(ExtensibilityGlobals) = postSolution
		SolutionGuid = {AB92F77C-8A5A-4A5D-8159-24554CB1A810}
	EndGlobalSection
EndGlobal
